// !$*UTF8*$!
{
	archiveVersion = 1;
	classes = {
	};
	objectVersion = 50;
	objects = {

/* Begin PBXBuildFile section */
		DDC1C041227BA338009E4629 /* AppDelegate.swift in Sources */ = {isa = PBXBuildFile; fileRef = DDC1C040227BA338009E4629 /* AppDelegate.swift */; };
		DDC1C046227BA338009E4629 /* Main.storyboard in Resources */ = {isa = PBXBuildFile; fileRef = DDC1C044227BA338009E4629 /* Main.storyboard */; };
		DDC1C049227BA338009E4629 /* Field_Survey.xcdatamodeld in Sources */ = {isa = PBXBuildFile; fileRef = DDC1C047227BA338009E4629 /* Field_Survey.xcdatamodeld */; };
		DDC1C04B227BA339009E4629 /* Assets.xcassets in Resources */ = {isa = PBXBuildFile; fileRef = DDC1C04A227BA339009E4629 /* Assets.xcassets */; };
		DDC1C04E227BA339009E4629 /* LaunchScreen.storyboard in Resources */ = {isa = PBXBuildFile; fileRef = DDC1C04C227BA339009E4629 /* LaunchScreen.storyboard */; };
		DDC1C05B227BA8DF009E4629 /* field_observations.json in Resources */ = {isa = PBXBuildFile; fileRef = DDC1C05A227BA8DF009E4629 /* field_observations.json */; };
		DDC1C05D227CC5A7009E4629 /* classification.swift in Sources */ = {isa = PBXBuildFile; fileRef = DDC1C05C227CC5A7009E4629 /* classification.swift */; };
		DDC1C05F227CC79D009E4629 /* FieldSurvey.swift in Sources */ = {isa = PBXBuildFile; fileRef = DDC1C05E227CC79D009E4629 /* FieldSurvey.swift */; };
		DDC1C061227CCA6F009E4629 /* FieldSurveyJSONParser.swift in Sources */ = {isa = PBXBuildFile; fileRef = DDC1C060227CCA6F009E4629 /* FieldSurveyJSONParser.swift */; };
		DDC1C063227CD068009E4629 /* FieldSurveyJSONLoader.swift in Sources */ = {isa = PBXBuildFile; fileRef = DDC1C062227CD068009E4629 /* FieldSurveyJSONLoader.swift */; };
		DDC1C065227D0DD6009E4629 /* FieldSurveyViewController.swift in Sources */ = {isa = PBXBuildFile; fileRef = DDC1C064227D0DD6009E4629 /* FieldSurveyViewController.swift */; };
		DDC1C067227D0E6D009E4629 /* FieldSurveyDetailViewController.swift in Sources */ = {isa = PBXBuildFile; fileRef = DDC1C066227D0E6D009E4629 /* FieldSurveyDetailViewController.swift */; };
		DDC1C069227D1869009E4629 /* FieldSurveyTableViewCell.swift in Sources */ = {isa = PBXBuildFile; fileRef = DDC1C068227D1869009E4629 /* FieldSurveyTableViewCell.swift */; };
/* End PBXBuildFile section */

/* Begin PBXFileReference section */
		DDC1C03D227BA338009E4629 /* Field_Survey.app */ = {isa = PBXFileReference; explicitFileType = wrapper.application; includeInIndex = 0; path = Field_Survey.app; sourceTree = BUILT_PRODUCTS_DIR; };
		DDC1C040227BA338009E4629 /* AppDelegate.swift */ = {isa = PBXFileReference; lastKnownFileType = sourcecode.swift; path = AppDelegate.swift; sourceTree = "<group>"; };
		DDC1C045227BA338009E4629 /* Base */ = {isa = PBXFileReference; lastKnownFileType = file.storyboard; name = Base; path = Base.lproj/Main.storyboard; sourceTree = "<group>"; };
		DDC1C048227BA338009E4629 /* Field_Survey.xcdatamodel */ = {isa = PBXFileReference; lastKnownFileType = wrapper.xcdatamodel; path = Field_Survey.xcdatamodel; sourceTree = "<group>"; };
		DDC1C04A227BA339009E4629 /* Assets.xcassets */ = {isa = PBXFileReference; lastKnownFileType = folder.assetcatalog; path = Assets.xcassets; sourceTree = "<group>"; };
		DDC1C04D227BA339009E4629 /* Base */ = {isa = PBXFileReference; lastKnownFileType = file.storyboard; name = Base; path = Base.lproj/LaunchScreen.storyboard; sourceTree = "<group>"; };
		DDC1C04F227BA339009E4629 /* Info.plist */ = {isa = PBXFileReference; lastKnownFileType = text.plist.xml; path = Info.plist; sourceTree = "<group>"; };
		DDC1C05A227BA8DF009E4629 /* field_observations.json */ = {isa = PBXFileReference; fileEncoding = 4; lastKnownFileType = text.json; path = field_observations.json; sourceTree = "<group>"; };
		DDC1C05C227CC5A7009E4629 /* classification.swift */ = {isa = PBXFileReference; lastKnownFileType = sourcecode.swift; path = classification.swift; sourceTree = "<group>"; };
		DDC1C05E227CC79D009E4629 /* FieldSurvey.swift */ = {isa = PBXFileReference; lastKnownFileType = sourcecode.swift; path = FieldSurvey.swift; sourceTree = "<group>"; };
		DDC1C060227CCA6F009E4629 /* FieldSurveyJSONParser.swift */ = {isa = PBXFileReference; lastKnownFileType = sourcecode.swift; path = FieldSurveyJSONParser.swift; sourceTree = "<group>"; };
		DDC1C062227CD068009E4629 /* FieldSurveyJSONLoader.swift */ = {isa = PBXFileReference; lastKnownFileType = sourcecode.swift; path = FieldSurveyJSONLoader.swift; sourceTree = "<group>"; };
		DDC1C064227D0DD6009E4629 /* FieldSurveyViewController.swift */ = {isa = PBXFileReference; lastKnownFileType = sourcecode.swift; path = FieldSurveyViewController.swift; sourceTree = "<group>"; };
		DDC1C066227D0E6D009E4629 /* FieldSurveyDetailViewController.swift */ = {isa = PBXFileReference; lastKnownFileType = sourcecode.swift; path = FieldSurveyDetailViewController.swift; sourceTree = "<group>"; };
		DDC1C068227D1869009E4629 /* FieldSurveyTableViewCell.swift */ = {isa = PBXFileReference; lastKnownFileType = sourcecode.swift; path = FieldSurveyTableViewCell.swift; sourceTree = "<group>"; };
/* End PBXFileReference section */

/* Begin PBXFrameworksBuildPhase section */
		DDC1C03A227BA337009E4629 /* Frameworks */ = {
			isa = PBXFrameworksBuildPhase;
			buildActionMask = 2147483647;
			files = (
			);
			runOnlyForDeploymentPostprocessing = 0;
		};
/* End PBXFrameworksBuildPhase section */

/* Begin PBXGroup section */
		DDC1C034227BA337009E4629 = {
			isa = PBXGroup;
			children = (
				DDC1C03F227BA338009E4629 /* Field_Survey */,
				DDC1C03E227BA338009E4629 /* Products */,
			);
			sourceTree = "<group>";
		};
		DDC1C03E227BA338009E4629 /* Products */ = {
			isa = PBXGroup;
			children = (
				DDC1C03D227BA338009E4629 /* Field_Survey.app */,
			);
			name = Products;
			sourceTree = "<group>";
		};
		DDC1C03F227BA338009E4629 /* Field_Survey */ = {
			isa = PBXGroup;
			children = (
				DDC1C057227BA7A0009E4629 /* Model */,
				DDC1C040227BA338009E4629 /* AppDelegate.swift */,
				DDC1C044227BA338009E4629 /* Main.storyboard */,
				DDC1C04A227BA339009E4629 /* Assets.xcassets */,
				DDC1C04C227BA339009E4629 /* LaunchScreen.storyboard */,
				DDC1C04F227BA339009E4629 /* Info.plist */,
				DDC1C047227BA338009E4629 /* Field_Survey.xcdatamodeld */,
				DDC1C064227D0DD6009E4629 /* FieldSurveyViewController.swift */,
				DDC1C066227D0E6D009E4629 /* FieldSurveyDetailViewController.swift */,
				DDC1C068227D1869009E4629 /* FieldSurveyTableViewCell.swift */,
			);
			path = Field_Survey;
			sourceTree = "<group>";
		};
		DDC1C057227BA7A0009E4629 /* Model */ = {
			isa = PBXGroup;
			children = (
				DDC1C05A227BA8DF009E4629 /* field_observations.json */,
				DDC1C05C227CC5A7009E4629 /* classification.swift */,
				DDC1C05E227CC79D009E4629 /* FieldSurvey.swift */,
				DDC1C060227CCA6F009E4629 /* FieldSurveyJSONParser.swift */,
				DDC1C062227CD068009E4629 /* FieldSurveyJSONLoader.swift */,
			);
			path = Model;
			sourceTree = "<group>";
		};
/* End PBXGroup section */

/* Begin PBXNativeTarget section */
		DDC1C03C227BA337009E4629 /* Field_Survey */ = {
			isa = PBXNativeTarget;
			buildConfigurationList = DDC1C052227BA339009E4629 /* Build configuration list for PBXNativeTarget "Field_Survey" */;
			buildPhases = (
				DDC1C039227BA337009E4629 /* Sources */,
				DDC1C03A227BA337009E4629 /* Frameworks */,
				DDC1C03B227BA337009E4629 /* Resources */,
			);
			buildRules = (
			);
			dependencies = (
			);
			name = Field_Survey;
			productName = Field_Survey;
			productReference = DDC1C03D227BA338009E4629 /* Field_Survey.app */;
			productType = "com.apple.product-type.application";
		};
/* End PBXNativeTarget section */

/* Begin PBXProject section */
		DDC1C035227BA337009E4629 /* Project object */ = {
			isa = PBXProject;
			attributes = {
				LastSwiftUpdateCheck = 1020;
				LastUpgradeCheck = 1020;
				ORGANIZATIONNAME = "Alex Davis";
				TargetAttributes = {
					DDC1C03C227BA337009E4629 = {
						CreatedOnToolsVersion = 10.2.1;
					};
				};
			};
			buildConfigurationList = DDC1C038227BA337009E4629 /* Build configuration list for PBXProject "Field_Survey" */;
			compatibilityVersion = "Xcode 9.3";
			developmentRegion = en;
			hasScannedForEncodings = 0;
			knownRegions = (
				en,
				Base,
			);
			mainGroup = DDC1C034227BA337009E4629;
			productRefGroup = DDC1C03E227BA338009E4629 /* Products */;
			projectDirPath = "";
			projectRoot = "";
			targets = (
				DDC1C03C227BA337009E4629 /* Field_Survey */,
			);
		};
/* End PBXProject section */

/* Begin PBXResourcesBuildPhase section */
		DDC1C03B227BA337009E4629 /* Resources */ = {
			isa = PBXResourcesBuildPhase;
			buildActionMask = 2147483647;
			files = (
				DDC1C04E227BA339009E4629 /* LaunchScreen.storyboard in Resources */,
				DDC1C05B227BA8DF009E4629 /* field_observations.json in Resources */,
				DDC1C04B227BA339009E4629 /* Assets.xcassets in Resources */,
				DDC1C046227BA338009E4629 /* Main.storyboard in Resources */,
			);
			runOnlyForDeploymentPostprocessing = 0;
		};
/* End PBXResourcesBuildPhase section */

/* Begin PBXSourcesBuildPhase section */
		DDC1C039227BA337009E4629 /* Sources */ = {
			isa = PBXSourcesBuildPhase;
			buildActionMask = 2147483647;
			files = (
				DDC1C049227BA338009E4629 /* Field_Survey.xcdatamodeld in Sources */,
				DDC1C063227CD068009E4629 /* FieldSurveyJSONLoader.swift in Sources */,
				DDC1C041227BA338009E4629 /* AppDelegate.swift in Sources */,
				DDC1C069227D1869009E4629 /* FieldSurveyTableViewCell.swift in Sources */,
				DDC1C065227D0DD6009E4629 /* FieldSurveyViewController.swift in Sources */,
				DDC1C067227D0E6D009E4629 /* FieldSurveyDetailViewController.swift in Sources */,
				DDC1C05F227CC79D009E4629 /* FieldSurvey.swift in Sources */,
				DDC1C05D227CC5A7009E4629 /* classification.swift in Sources */,
				DDC1C061227CCA6F009E4629 /* FieldSurveyJSONParser.swift in Sources */,
			);
			runOnlyForDeploymentPostprocessing = 0;
		};
/* End PBXSourcesBuildPhase section */

/* Begin PBXVariantGroup section */
		DDC1C044227BA338009E4629 /* Main.storyboard */ = {
			isa = PBXVariantGroup;
			children = (
				DDC1C045227BA338009E4629 /* Base */,
			);
			name = Main.storyboard;
			sourceTree = "<group>";
		};
		DDC1C04C227BA339009E4629 /* LaunchScreen.storyboard */ = {
			isa = PBXVariantGroup;
			children = (
				DDC1C04D227BA339009E4629 /* Base */,
			);
			name = LaunchScreen.storyboard;
			sourceTree = "<group>";
		};
/* End PBXVariantGroup section */

/* Begin XCBuildConfiguration section */
		DDC1C050227BA339009E4629 /* Debug */ = {
			isa = XCBuildConfiguration;
			buildSettings = {
				ALWAYS_SEARCH_USER_PATHS = NO;
				CLANG_ANALYZER_NONNULL = YES;
				CLANG_ANALYZER_NUMBER_OBJECT_CONVERSION = YES_AGGRESSIVE;
				CLANG_CXX_LANGUAGE_STANDARD = "gnu++14";
				CLANG_CXX_LIBRARY = "libc++";
				CLANG_ENABLE_MODULES = YES;
				CLANG_ENABLE_OBJC_ARC = YES;
				CLANG_ENABLE_OBJC_WEAK = YES;
				CLANG_WARN_BLOCK_CAPTURE_AUTORELEASING = YES;
				CLANG_WARN_BOOL_CONVERSION = YES;
				CLANG_WARN_COMMA = YES;
				CLANG_WARN_CONSTANT_CONVERSION = YES;
				CLANG_WARN_DEPRECATED_OBJC_IMPLEMENTATIONS = YES;
				CLANG_WARN_DIRECT_OBJC_ISA_USAGE = YES_ERROR;
				CLANG_WARN_DOCUMENTATION_COMMENTS = YES;
				CLANG_WARN_EMPTY_BODY = YES;
				CLANG_WARN_ENUM_CONVERSION = YES;
				CLANG_WARN_INFINITE_RECURSION = YES;
				CLANG_WARN_INT_CONVERSION = YES;
				CLANG_WARN_NON_LITERAL_NULL_CONVERSION = YES;
				CLANG_WARN_OBJC_IMPLICIT_RETAIN_SELF = YES;
				CLANG_WARN_OBJC_LITERAL_CONVERSION = YES;
				CLANG_WARN_OBJC_ROOT_CLASS = YES_ERROR;
				CLANG_WARN_RANGE_LOOP_ANALYSIS = YES;
				CLANG_WARN_STRICT_PROTOTYPES = YES;
				CLANG_WARN_SUSPICIOUS_MOVE = YES;
				CLANG_WARN_UNGUARDED_AVAILABILITY = YES_AGGRESSIVE;
				CLANG_WARN_UNREACHABLE_CODE = YES;
				CLANG_WARN__DUPLICATE_METHOD_MATCH = YES;
				CODE_SIGN_IDENTITY = "iPhone Developer";
				COPY_PHASE_STRIP = NO;
				DEBUG_INFORMATION_FORMAT = dwarf;
				ENABLE_STRICT_OBJC_MSGSEND = YES;
				ENABLE_TESTABILITY = YES;
				GCC_C_LANGUAGE_STANDARD = gnu11;
				GCC_DYNAMIC_NO_PIC = NO;
				GCC_NO_COMMON_BLOCKS = YES;
				GCC_OPTIMIZATION_LEVEL = 0;
				GCC_PREPROCESSOR_DEFINITIONS = (
					"DEBUG=1",
					"$(inherited)",
				);
				GCC_WARN_64_TO_32_BIT_CONVERSION = YES;
				GCC_WARN_ABOUT_RETURN_TYPE = YES_ERROR;
				GCC_WARN_UNDECLARED_SELECTOR = YES;
				GCC_WARN_UNINITIALIZED_AUTOS = YES_AGGRESSIVE;
				GCC_WARN_UNUSED_FUNCTION = YES;
				GCC_WARN_UNUSED_VARIABLE = YES;
				IPHONEOS_DEPLOYMENT_TARGET = 12.2;
				MTL_ENABLE_DEBUG_INFO = INCLUDE_SOURCE;
				MTL_FAST_MATH = YES;
				ONLY_ACTIVE_ARCH = YES;
				SDKROOT = iphoneos;
				SWIFT_ACTIVE_COMPILATION_CONDITIONS = DEBUG;
				SWIFT_OPTIMIZATION_LEVEL = "-Onone";
			};
			name = Debug;
		};
		DDC1C051227BA339009E4629 /* Release */ = {
			isa = XCBuildConfiguration;
			buildSettings = {
				ALWAYS_SEARCH_USER_PATHS = NO;
				CLANG_ANALYZER_NONNULL = YES;
				CLANG_ANALYZER_NUMBER_OBJECT_CONVERSION = YES_AGGRESSIVE;
				CLANG_CXX_LANGUAGE_STANDARD = "gnu++14";
				CLANG_CXX_LIBRARY = "libc++";
				CLANG_ENABLE_MODULES = YES;
				CLANG_ENABLE_OBJC_ARC = YES;
				CLANG_ENABLE_OBJC_WEAK = YES;
				CLANG_WARN_BLOCK_CAPTURE_AUTORELEASING = YES;
				CLANG_WARN_BOOL_CONVERSION = YES;
				CLANG_WARN_COMMA = YES;
				CLANG_WARN_CONSTANT_CONVERSION = YES;
				CLANG_WARN_DEPRECATED_OBJC_IMPLEMENTATIONS = YES;
				CLANG_WARN_DIRECT_OBJC_ISA_USAGE = YES_ERROR;
				CLANG_WARN_DOCUMENTATION_COMMENTS = YES;
				CLANG_WARN_EMPTY_BODY = YES;
				CLANG_WARN_ENUM_CONVERSION = YES;
				CLANG_WARN_INFINITE_RECURSION = YES;
				CLANG_WARN_INT_CONVERSION = YES;
				CLANG_WARN_NON_LITERAL_NULL_CONVERSION = YES;
				CLANG_WARN_OBJC_IMPLICIT_RETAIN_SELF = YES;
				CLANG_WARN_OBJC_LITERAL_CONVERSION = YES;
				CLANG_WARN_OBJC_ROOT_CLASS = YES_ERROR;
				CLANG_WARN_RANGE_LOOP_ANALYSIS = YES;
				CLANG_WARN_STRICT_PROTOTYPES = YES;
				CLANG_WARN_SUSPICIOUS_MOVE = YES;
				CLANG_WARN_UNGUARDED_AVAILABILITY = YES_AGGRESSIVE;
				CLANG_WARN_UNREACHABLE_CODE = YES;
				CLANG_WARN__DUPLICATE_METHOD_MATCH = YES;
				CODE_SIGN_IDENTITY = "iPhone Developer";
				COPY_PHASE_STRIP = NO;
				DEBUG_INFORMATION_FORMAT = "dwarf-with-dsym";
				ENABLE_NS_ASSERTIONS = NO;
				ENABLE_STRICT_OBJC_MSGSEND = YES;
				GCC_C_LANGUAGE_STANDARD = gnu11;
				GCC_NO_COMMON_BLOCKS = YES;
				GCC_WARN_64_TO_32_BIT_CONVERSION = YES;
				GCC_WARN_ABOUT_RETURN_TYPE = YES_ERROR;
				GCC_WARN_UNDECLARED_SELECTOR = YES;
				GCC_WARN_UNINITIALIZED_AUTOS = YES_AGGRESSIVE;
				GCC_WARN_UNUSED_FUNCTION = YES;
				GCC_WARN_UNUSED_VARIABLE = YES;
				IPHONEOS_DEPLOYMENT_TARGET = 12.2;
				MTL_ENABLE_DEBUG_INFO = NO;
				MTL_FAST_MATH = YES;
				SDKROOT = iphoneos;
				SWIFT_COMPILATION_MODE = wholemodule;
				SWIFT_OPTIMIZATION_LEVEL = "-O";
				VALIDATE_PRODUCT = YES;
			};
			name = Release;
		};
		DDC1C053227BA339009E4629 /* Debug */ = {
			isa = XCBuildConfiguration;
			buildSettings = {
				ASSETCATALOG_COMPILER_APPICON_NAME = AppIcon;
				CODE_SIGN_STYLE = Automatic;
				DEVELOPMENT_TEAM = Q2MYKKKZDK;
				INFOPLIST_FILE = Field_Survey/Info.plist;
				LD_RUNPATH_SEARCH_PATHS = (
					"$(inherited)",
					"@executable_path/Frameworks",
				);
				PRODUCT_BUNDLE_IDENTIFIER = "AlexDavis.Field-Survey";
				PRODUCT_NAME = "$(TARGET_NAME)";
				SWIFT_VERSION = 5.0;
				TARGETED_DEVICE_FAMILY = "1,2";
			};
			name = Debug;
		};
		DDC1C054227BA339009E4629 /* Release */ = {
			isa = XCBuildConfiguration;
			buildSettings = {
				ASSETCATALOG_COMPILER_APPICON_NAME = AppIcon;
				CODE_SIGN_STYLE = Automatic;
				DEVELOPMENT_TEAM = Q2MYKKKZDK;
				INFOPLIST_FILE = Field_Survey/Info.plist;
				LD_RUNPATH_SEARCH_PATHS = (
					"$(inherited)",
					"@executable_path/Frameworks",
				);
				PRODUCT_BUNDLE_IDENTIFIER = "AlexDavis.Field-Survey";
				PRODUCT_NAME = "$(TARGET_NAME)";
				SWIFT_VERSION = 5.0;
				TARGETED_DEVICE_FAMILY = "1,2";
			};
			name = Release;
		};
/* End XCBuildConfiguration section */

/* Begin XCConfigurationList section */
		DDC1C038227BA337009E4629 /* Build configuration list for PBXProject "Field_Survey" */ = {
			isa = XCConfigurationList;
			buildConfigurations = (
				DDC1C050227BA339009E4629 /* Debug */,
				DDC1C051227BA339009E4629 /* Release */,
			);
			defaultConfigurationIsVisible = 0;
			defaultConfigurationName = Release;
		};
		DDC1C052227BA339009E4629 /* Build configuration list for PBXNativeTarget "Field_Survey" */ = {
			isa = XCConfigurationList;
			buildConfigurations = (
				DDC1C053227BA339009E4629 /* Debug */,
				DDC1C054227BA339009E4629 /* Release */,
			);
			defaultConfigurationIsVisible = 0;
			defaultConfigurationName = Release;
		};
/* End XCConfigurationList section */

/* Begin XCVersionGroup section */
		DDC1C047227BA338009E4629 /* Field_Survey.xcdatamodeld */ = {
			isa = XCVersionGroup;
			children = (
				DDC1C048227BA338009E4629 /* Field_Survey.xcdatamodel */,
			);
			currentVersion = DDC1C048227BA338009E4629 /* Field_Survey.xcdatamodel */;
			path = Field_Survey.xcdatamodeld;
			sourceTree = "<group>";
			versionGroupType = wrapper.xcdatamodel;
		};
/* End XCVersionGroup section */
	};
	rootObject = DDC1C035227BA337009E4629 /* Project object */;
}
